
Microsoft Visual Studio Solution File, Format Version 12.00
# Visual Studio Version 16
VisualStudioVersion = 16.0.30611.23
MinimumVisualStudioVersion = 10.0.40219.1
Project("{FAE04EC0-301F-11D3-BF4B-00C04F79EFBC}") = "NobuENC", "NobuENC\NobuENC.csproj", "{52DA0C92-D5C2-41D1-8032-6296A35820C7}"
EndProject
Global
	GlobalSection(SolutionConfigurationPlatforms) = preSolution
		Debug|Any CPU = Debug|Any CPU
		Release|Any CPU = Release|Any CPU
	EndGlobalSection
	GlobalSection(ProjectConfigurationPlatforms) = postSolution
		{52DA0C92-D5C2-41D1-8032-6296A35820C7}.Debug|Any CPU.ActiveCfg = Debug|Any CPU
		{52DA0C92-D5C2-41D1-8032-6296A35820C7}.Debug|Any CPU.Build.0 = Debug|Any CPU
		{52DA0C92-D5C2-41D1-8032-6296A35820C7}.Release|Any CPU.ActiveCfg = Release|Any CPU
		{52DA0C92-D5C2-41D1-8032-6296A35820C7}.Release|Any CPU.Build.0 = Release|Any CPU
	EndGlobalSection
	GlobalSection(SolutionProperties) = preSolution
		HideSolutionNode = FALSE
	EndGlobalSection
	GlobalSection(ExtensibilityGlobals) = postSolution
		SolutionGuid = {E8DFB2A1-3F34-4437-943B-9DE93AF0AD0F}
	EndGlobalSection
EndGlobal
